// !$*UTF8*$!
{
	archiveVersion = 1;
	classes = {
	};
	objectVersion = 46;
	objects = {

/* Begin PBXBuildFile section */
		9F08F6691DA4071000DF631D /* PostTableViewCell.swift in Sources */ = {isa = PBXBuildFile; fileRef = 9F08F6681DA4070F00DF631D /* PostTableViewCell.swift */; };
		9F08F66B1DA413FC00DF631D /* PostTableViewCell.graphql in Resources */ = {isa = PBXBuildFile; fileRef = 9F08F66A1DA413FC00DF631D /* PostTableViewCell.graphql */; };
		9F167D921D8E84B300919F36 /* AppDelegate.swift in Sources */ = {isa = PBXBuildFile; fileRef = 9F167D911D8E84B300919F36 /* AppDelegate.swift */; };
		9F167D941D8E84B300919F36 /* PostListViewController.swift in Sources */ = {isa = PBXBuildFile; fileRef = 9F167D931D8E84B300919F36 /* PostListViewController.swift */; };
		9F167D971D8E84B300919F36 /* Main.storyboard in Resources */ = {isa = PBXBuildFile; fileRef = 9F167D951D8E84B300919F36 /* Main.storyboard */; };
		9F167D991D8E84B300919F36 /* Assets.xcassets in Resources */ = {isa = PBXBuildFile; fileRef = 9F167D981D8E84B300919F36 /* Assets.xcassets */; };
		9F167D9C1D8E84B300919F36 /* LaunchScreen.storyboard in Resources */ = {isa = PBXBuildFile; fileRef = 9F167D9A1D8E84B300919F36 /* LaunchScreen.storyboard */; };
		9F167DB21D8E888600919F36 /* PostListViewController.graphql in Resources */ = {isa = PBXBuildFile; fileRef = 9F167DB11D8E888600919F36 /* PostListViewController.graphql */; };
		9F167DB91D8E8A6100919F36 /* FrontPageAPI.swift in Sources */ = {isa = PBXBuildFile; fileRef = 9F167DB81D8E8A6100919F36 /* FrontPageAPI.swift */; };
		9FAACC041D8EBB2E007F6B58 /* Apollo.framework in Frameworks */ = {isa = PBXBuildFile; fileRef = 9FAACC031D8EBB2E007F6B58 /* Apollo.framework */; };
		9FAACC051D8EBB2E007F6B58 /* Apollo.framework in Embed Frameworks */ = {isa = PBXBuildFile; fileRef = 9FAACC031D8EBB2E007F6B58 /* Apollo.framework */; settings = {ATTRIBUTES = (CodeSignOnCopy, RemoveHeadersOnCopy, ); }; };
/* End PBXBuildFile section */

/* Begin PBXBuildRule section */
		9F167DB71D8E89DF00919F36 /* PBXBuildRule */ = {
			isa = PBXBuildRule;
			compilerSpec = com.apple.compilers.proxy.script;
			filePatterns = "*.graphql";
			fileType = pattern.proxy;
			isEditable = 1;
			outputFiles = (
			);
			script = "";
		};
/* End PBXBuildRule section */

/* Begin PBXCopyFilesBuildPhase section */
		9FAACC061D8EBB2E007F6B58 /* Embed Frameworks */ = {
			isa = PBXCopyFilesBuildPhase;
			buildActionMask = 2147483647;
			dstPath = "";
			dstSubfolderSpec = 10;
			files = (
				9FAACC051D8EBB2E007F6B58 /* Apollo.framework in Embed Frameworks */,
			);
			name = "Embed Frameworks";
			runOnlyForDeploymentPostprocessing = 0;
		};
/* End PBXCopyFilesBuildPhase section */

/* Begin PBXFileReference section */
		9F08F6681DA4070F00DF631D /* PostTableViewCell.swift */ = {isa = PBXFileReference; fileEncoding = 4; lastKnownFileType = sourcecode.swift; path = PostTableViewCell.swift; sourceTree = "<group>"; };
		9F08F66A1DA413FC00DF631D /* PostTableViewCell.graphql */ = {isa = PBXFileReference; fileEncoding = 4; lastKnownFileType = text; path = PostTableViewCell.graphql; sourceTree = "<group>"; };
		9F167D8E1D8E84B300919F36 /* FrontPage.app */ = {isa = PBXFileReference; explicitFileType = wrapper.application; includeInIndex = 0; path = FrontPage.app; sourceTree = BUILT_PRODUCTS_DIR; };
		9F167D911D8E84B300919F36 /* AppDelegate.swift */ = {isa = PBXFileReference; lastKnownFileType = sourcecode.swift; path = AppDelegate.swift; sourceTree = "<group>"; };
		9F167D931D8E84B300919F36 /* PostListViewController.swift */ = {isa = PBXFileReference; lastKnownFileType = sourcecode.swift; path = PostListViewController.swift; sourceTree = "<group>"; };
		9F167D961D8E84B300919F36 /* Base */ = {isa = PBXFileReference; lastKnownFileType = file.storyboard; name = Base; path = Base.lproj/Main.storyboard; sourceTree = "<group>"; };
		9F167D981D8E84B300919F36 /* Assets.xcassets */ = {isa = PBXFileReference; lastKnownFileType = folder.assetcatalog; path = Assets.xcassets; sourceTree = "<group>"; };
		9F167D9B1D8E84B300919F36 /* Base */ = {isa = PBXFileReference; lastKnownFileType = file.storyboard; name = Base; path = Base.lproj/LaunchScreen.storyboard; sourceTree = "<group>"; };
		9F167D9D1D8E84B300919F36 /* Info.plist */ = {isa = PBXFileReference; lastKnownFileType = text.plist.xml; path = Info.plist; sourceTree = "<group>"; };
		9F167DB11D8E888600919F36 /* PostListViewController.graphql */ = {isa = PBXFileReference; fileEncoding = 4; lastKnownFileType = text; path = PostListViewController.graphql; sourceTree = "<group>"; };
		9F167DB81D8E8A6100919F36 /* FrontPageAPI.swift */ = {isa = PBXFileReference; fileEncoding = 4; lastKnownFileType = sourcecode.swift; path = FrontPageAPI.swift; sourceTree = "<group>"; };
		9FAACC031D8EBB2E007F6B58 /* Apollo.framework */ = {isa = PBXFileReference; explicitFileType = wrapper.framework; path = Apollo.framework; sourceTree = BUILT_PRODUCTS_DIR; };
/* End PBXFileReference section */

/* Begin PBXFrameworksBuildPhase section */
		9F167D8B1D8E84B300919F36 /* Frameworks */ = {
			isa = PBXFrameworksBuildPhase;
			buildActionMask = 2147483647;
			files = (
				9FAACC041D8EBB2E007F6B58 /* Apollo.framework in Frameworks */,
			);
			runOnlyForDeploymentPostprocessing = 0;
		};
/* End PBXFrameworksBuildPhase section */

/* Begin PBXGroup section */
		9F167D851D8E84B300919F36 = {
			isa = PBXGroup;
			children = (
				9F167D901D8E84B300919F36 /* FrontPage */,
				9F167D8F1D8E84B300919F36 /* Products */,
				9F167DB41D8E892F00919F36 /* Frameworks */,
			);
			sourceTree = "<group>";
		};
		9F167D8F1D8E84B300919F36 /* Products */ = {
			isa = PBXGroup;
			children = (
				9F167D8E1D8E84B300919F36 /* FrontPage.app */,
			);
			name = Products;
			sourceTree = "<group>";
		};
		9F167D901D8E84B300919F36 /* FrontPage */ = {
			isa = PBXGroup;
			children = (
				9F167D911D8E84B300919F36 /* AppDelegate.swift */,
				9F167D931D8E84B300919F36 /* PostListViewController.swift */,
				9F167DB11D8E888600919F36 /* PostListViewController.graphql */,
				9F08F6681DA4070F00DF631D /* PostTableViewCell.swift */,
				9F08F66A1DA413FC00DF631D /* PostTableViewCell.graphql */,
				9F167DB81D8E8A6100919F36 /* FrontPageAPI.swift */,
				9F167D951D8E84B300919F36 /* Main.storyboard */,
				9F167D981D8E84B300919F36 /* Assets.xcassets */,
				9F167D9A1D8E84B300919F36 /* LaunchScreen.storyboard */,
				9F167D9D1D8E84B300919F36 /* Info.plist */,
			);
			path = FrontPage;
			sourceTree = "<group>";
		};
		9F167DB41D8E892F00919F36 /* Frameworks */ = {
			isa = PBXGroup;
			children = (
				9FAACC031D8EBB2E007F6B58 /* Apollo.framework */,
			);
			name = Frameworks;
			sourceTree = "<group>";
		};
/* End PBXGroup section */

/* Begin PBXNativeTarget section */
		9F167D8D1D8E84B300919F36 /* FrontPage */ = {
			isa = PBXNativeTarget;
			buildConfigurationList = 9F167DAB1D8E84B300919F36 /* Build configuration list for PBXNativeTarget "FrontPage" */;
			buildPhases = (
				9F167DB31D8E88FE00919F36 /* Generate Apollo API Client */,
				9F167D8A1D8E84B300919F36 /* Sources */,
				9F167D8B1D8E84B300919F36 /* Frameworks */,
				9F167D8C1D8E84B300919F36 /* Resources */,
				9FAACC061D8EBB2E007F6B58 /* Embed Frameworks */,
			);
			buildRules = (
				9F167DB71D8E89DF00919F36 /* PBXBuildRule */,
			);
			dependencies = (
			);
			name = FrontPage;
			productName = HelloWorld;
			productReference = 9F167D8E1D8E84B300919F36 /* FrontPage.app */;
			productType = "com.apple.product-type.application";
		};
/* End PBXNativeTarget section */

/* Begin PBXProject section */
		9F167D861D8E84B300919F36 /* Project object */ = {
			isa = PBXProject;
			attributes = {
				LastSwiftUpdateCheck = 0800;
				LastUpgradeCheck = 0800;
				ORGANIZATIONNAME = "Meteor Development Group";
				TargetAttributes = {
					9F167D8D1D8E84B300919F36 = {
						CreatedOnToolsVersion = 8.0;
						DevelopmentTeam = 5TL236FN6U;
						ProvisioningStyle = Automatic;
					};
				};
			};
			buildConfigurationList = 9F167D891D8E84B300919F36 /* Build configuration list for PBXProject "FrontPage" */;
			compatibilityVersion = "Xcode 3.2";
			developmentRegion = English;
			hasScannedForEncodings = 0;
			knownRegions = (
				en,
				Base,
			);
			mainGroup = 9F167D851D8E84B300919F36;
			productRefGroup = 9F167D8F1D8E84B300919F36 /* Products */;
			projectDirPath = "";
			projectRoot = "";
			targets = (
				9F167D8D1D8E84B300919F36 /* FrontPage */,
			);
		};
/* End PBXProject section */

/* Begin PBXResourcesBuildPhase section */
		9F167D8C1D8E84B300919F36 /* Resources */ = {
			isa = PBXResourcesBuildPhase;
			buildActionMask = 2147483647;
			files = (
				9F167D9C1D8E84B300919F36 /* LaunchScreen.storyboard in Resources */,
				9F08F66B1DA413FC00DF631D /* PostTableViewCell.graphql in Resources */,
				9F167DB21D8E888600919F36 /* PostListViewController.graphql in Resources */,
				9F167D991D8E84B300919F36 /* Assets.xcassets in Resources */,
				9F167D971D8E84B300919F36 /* Main.storyboard in Resources */,
			);
			runOnlyForDeploymentPostprocessing = 0;
		};
/* End PBXResourcesBuildPhase section */

/* Begin PBXShellScriptBuildPhase section */
		9F167DB31D8E88FE00919F36 /* Generate Apollo API Client */ = {
			isa = PBXShellScriptBuildPhase;
			buildActionMask = 2147483647;
			files = (
			);
			inputPaths = (
			);
			name = "Generate Apollo API Client";
			outputPaths = (
			);
			runOnlyForDeploymentPostprocessing = 0;
			shellPath = /bin/zsh;
			shellScript = "if [[ -s \"$HOME/.nvm/nvm.sh\" ]]; then\n. \"$HOME/.nvm/nvm.sh\"\nfi\n\ncd ${SRCROOT}/${TARGET_NAME}\napollo-codegen generate **/*.graphql --schema schema.json --output FrontPageAPI.swift";
		};
/* End PBXShellScriptBuildPhase section */

/* Begin PBXSourcesBuildPhase section */
		9F167D8A1D8E84B300919F36 /* Sources */ = {
			isa = PBXSourcesBuildPhase;
			buildActionMask = 2147483647;
			files = (
				9F167D941D8E84B300919F36 /* PostListViewController.swift in Sources */,
				9F167DB91D8E8A6100919F36 /* FrontPageAPI.swift in Sources */,
				9F167D921D8E84B300919F36 /* AppDelegate.swift in Sources */,
				9F08F6691DA4071000DF631D /* PostTableViewCell.swift in Sources */,
			);
			runOnlyForDeploymentPostprocessing = 0;
		};
/* End PBXSourcesBuildPhase section */

/* Begin PBXVariantGroup section */
		9F167D951D8E84B300919F36 /* Main.storyboard */ = {
			isa = PBXVariantGroup;
			children = (
				9F167D961D8E84B300919F36 /* Base */,
			);
			name = Main.storyboard;
			sourceTree = "<group>";
		};
		9F167D9A1D8E84B300919F36 /* LaunchScreen.storyboard */ = {
			isa = PBXVariantGroup;
			children = (
				9F167D9B1D8E84B300919F36 /* Base */,
			);
			name = LaunchScreen.storyboard;
			sourceTree = "<group>";
		};
/* End PBXVariantGroup section */

/* Begin XCBuildConfiguration section */
		9F167DA91D8E84B300919F36 /* Debug */ = {
			isa = XCBuildConfiguration;
			buildSettings = {
				ALWAYS_SEARCH_USER_PATHS = NO;
				CLANG_ANALYZER_NONNULL = YES;
				CLANG_CXX_LANGUAGE_STANDARD = "gnu++0x";
				CLANG_CXX_LIBRARY = "libc++";
				CLANG_ENABLE_MODULES = YES;
				CLANG_ENABLE_OBJC_ARC = YES;
				CLANG_WARN_BOOL_CONVERSION = YES;
				CLANG_WARN_CONSTANT_CONVERSION = YES;
				CLANG_WARN_DIRECT_OBJC_ISA_USAGE = YES_ERROR;
				CLANG_WARN_DOCUMENTATION_COMMENTS = YES;
				CLANG_WARN_EMPTY_BODY = YES;
				CLANG_WARN_ENUM_CONVERSION = YES;
				CLANG_WARN_INFINITE_RECURSION = YES;
				CLANG_WARN_INT_CONVERSION = YES;
				CLANG_WARN_OBJC_ROOT_CLASS = YES_ERROR;
				CLANG_WARN_SUSPICIOUS_MOVES = YES;
				CLANG_WARN_UNREACHABLE_CODE = YES;
				CLANG_WARN__DUPLICATE_METHOD_MATCH = YES;
				"CODE_SIGN_IDENTITY[sdk=iphoneos*]" = "iPhone Developer";
				COPY_PHASE_STRIP = NO;
				DEBUG_INFORMATION_FORMAT = dwarf;
				ENABLE_STRICT_OBJC_MSGSEND = YES;
				ENABLE_TESTABILITY = YES;
				GCC_C_LANGUAGE_STANDARD = gnu99;
				GCC_DYNAMIC_NO_PIC = NO;
				GCC_NO_COMMON_BLOCKS = YES;
				GCC_OPTIMIZATION_LEVEL = 0;
				GCC_PREPROCESSOR_DEFINITIONS = (
					"DEBUG=1",
					"$(inherited)",
				);
				GCC_WARN_64_TO_32_BIT_CONVERSION = YES;
				GCC_WARN_ABOUT_RETURN_TYPE = YES_ERROR;
				GCC_WARN_UNDECLARED_SELECTOR = YES;
				GCC_WARN_UNINITIALIZED_AUTOS = YES_AGGRESSIVE;
				GCC_WARN_UNUSED_FUNCTION = YES;
				GCC_WARN_UNUSED_VARIABLE = YES;
				IPHONEOS_DEPLOYMENT_TARGET = 8.0;
				MTL_ENABLE_DEBUG_INFO = YES;
				ONLY_ACTIVE_ARCH = YES;
				SDKROOT = iphoneos;
				SWIFT_ACTIVE_COMPILATION_CONDITIONS = DEBUG;
				SWIFT_OPTIMIZATION_LEVEL = "-Onone";
				TARGETED_DEVICE_FAMILY = "1,2";
			};
			name = Debug;
		};
		9F167DAA1D8E84B300919F36 /* Release */ = {
			isa = XCBuildConfiguration;
			buildSettings = {
				ALWAYS_SEARCH_USER_PATHS = NO;
				CLANG_ANALYZER_NONNULL = YES;
				CLANG_CXX_LANGUAGE_STANDARD = "gnu++0x";
				CLANG_CXX_LIBRARY = "libc++";
				CLANG_ENABLE_MODULES = YES;
				CLANG_ENABLE_OBJC_ARC = YES;
				CLANG_WARN_BOOL_CONVERSION = YES;
				CLANG_WARN_CONSTANT_CONVERSION = YES;
				CLANG_WARN_DIRECT_OBJC_ISA_USAGE = YES_ERROR;
				CLANG_WARN_DOCUMENTATION_COMMENTS = YES;
				CLANG_WARN_EMPTY_BODY = YES;
				CLANG_WARN_ENUM_CONVERSION = YES;
				CLANG_WARN_INFINITE_RECURSION = YES;
				CLANG_WARN_INT_CONVERSION = YES;
				CLANG_WARN_OBJC_ROOT_CLASS = YES_ERROR;
				CLANG_WARN_SUSPICIOUS_MOVES = YES;
				CLANG_WARN_UNREACHABLE_CODE = YES;
				CLANG_WARN__DUPLICATE_METHOD_MATCH = YES;
				"CODE_SIGN_IDENTITY[sdk=iphoneos*]" = "iPhone Developer";
				COPY_PHASE_STRIP = NO;
				DEBUG_INFORMATION_FORMAT = "dwarf-with-dsym";
				ENABLE_NS_ASSERTIONS = NO;
				ENABLE_STRICT_OBJC_MSGSEND = YES;
				GCC_C_LANGUAGE_STANDARD = gnu99;
				GCC_NO_COMMON_BLOCKS = YES;
				GCC_WARN_64_TO_32_BIT_CONVERSION = YES;
				GCC_WARN_ABOUT_RETURN_TYPE = YES_ERROR;
				GCC_WARN_UNDECLARED_SELECTOR = YES;
				GCC_WARN_UNINITIALIZED_AUTOS = YES_AGGRESSIVE;
				GCC_WARN_UNUSED_FUNCTION = YES;
				GCC_WARN_UNUSED_VARIABLE = YES;
				IPHONEOS_DEPLOYMENT_TARGET = 8.0;
				MTL_ENABLE_DEBUG_INFO = NO;
				SDKROOT = iphoneos;
				SWIFT_OPTIMIZATION_LEVEL = "-Owholemodule";
				TARGETED_DEVICE_FAMILY = "1,2";
				VALIDATE_PRODUCT = YES;
			};
			name = Release;
		};
		9F167DAC1D8E84B300919F36 /* Debug */ = {
			isa = XCBuildConfiguration;
			buildSettings = {
				ASSETCATALOG_COMPILER_APPICON_NAME = AppIcon;
				DEVELOPMENT_TEAM = 5TL236FN6U;
				INFOPLIST_FILE = FrontPage/Info.plist;
				LD_RUNPATH_SEARCH_PATHS = "$(inherited) @executable_path/Frameworks";
				PRODUCT_BUNDLE_IDENTIFIER = com.apollostack.FrontPage;
				PRODUCT_NAME = "$(TARGET_NAME)";
				SWIFT_VERSION = 3.0;
			};
			name = Debug;
		};
		9F167DAD1D8E84B300919F36 /* Release */ = {
			isa = XCBuildConfiguration;
			buildSettings = {
				ASSETCATALOG_COMPILER_APPICON_NAME = AppIcon;
				DEVELOPMENT_TEAM = 5TL236FN6U;
				INFOPLIST_FILE = FrontPage/Info.plist;
				LD_RUNPATH_SEARCH_PATHS = "$(inherited) @executable_path/Frameworks";
				PRODUCT_BUNDLE_IDENTIFIER = com.apollostack.FrontPage;
				PRODUCT_NAME = "$(TARGET_NAME)";
				SWIFT_VERSION = 3.0;
			};
			name = Release;
		};
/* End XCBuildConfiguration section */

/* Begin XCConfigurationList section */
		9F167D891D8E84B300919F36 /* Build configuration list for PBXProject "FrontPage" */ = {
			isa = XCConfigurationList;
			buildConfigurations = (
				9F167DA91D8E84B300919F36 /* Debug */,
				9F167DAA1D8E84B300919F36 /* Release */,
			);
			defaultConfigurationIsVisible = 0;
			defaultConfigurationName = Release;
		};
		9F167DAB1D8E84B300919F36 /* Build configuration list for PBXNativeTarget "FrontPage" */ = {
			isa = XCConfigurationList;
			buildConfigurations = (
				9F167DAC1D8E84B300919F36 /* Debug */,
				9F167DAD1D8E84B300919F36 /* Release */,
			);
			defaultConfigurationIsVisible = 0;
			defaultConfigurationName = Release;
		};
/* End XCConfigurationList section */
	};
	rootObject = 9F167D861D8E84B300919F36 /* Project object */;
}
